
Microsoft Visual Studio Solution File, Format Version 12.00
# Visual Studio Version 17
VisualStudioVersion = 17.13.35806.99 d17.13
MinimumVisualStudioVersion = 10.0.40219.1
Project("{FAE04EC0-301F-11D3-BF4B-00C04F79EFBC}") = "Aula2", "Aula2\Aula2.csproj", "{DFCD1D7C-4AC0-4AC4-AD0E-A2B621AC547F}"
EndProject
Global
	GlobalSection(SolutionConfigurationPlatforms) = preSolution
		Debug|Any CPU = Debug|Any CPU
		Release|Any CPU = Release|Any CPU
	EndGlobalSection
	GlobalSection(ProjectConfigurationPlatforms) = postSolution
		{DFCD1D7C-4AC0-4AC4-AD0E-A2B621AC547F}.Debug|Any CPU.ActiveCfg = Debug|Any CPU
		{DFCD1D7C-4AC0-4AC4-AD0E-A2B621AC547F}.Debug|Any CPU.Build.0 = Debug|Any CPU
		{DFCD1D7C-4AC0-4AC4-AD0E-A2B621AC547F}.Release|Any CPU.ActiveCfg = Release|Any CPU
		{DFCD1D7C-4AC0-4AC4-AD0E-A2B621AC547F}.Release|Any CPU.Build.0 = Release|Any CPU
	EndGlobalSection
	GlobalSection(SolutionProperties) = preSolution
		HideSolutionNode = FALSE
	EndGlobalSection
	GlobalSection(ExtensibilityGlobals) = postSolution
		SolutionGuid = {FAA2CD5C-9359-4616-98EB-A7F9BBCB15CB}
	EndGlobalSection
EndGlobal
